
Microsoft Visual Studio Solution File, Format Version 12.00
# Visual Studio Version 16
VisualStudioVersion = 16.0.30320.27
MinimumVisualStudioVersion = 10.0.40219.1
Project("{9A19103F-16F7-4668-BE54-9A1E7A4F7556}") = "ATCOcifParser", "ATCOcifParser.csproj", "{F7A96D37-4BC8-4DDF-B346-A8C9BFC5409D}"
EndProject
Project("{FAE04EC0-301F-11D3-BF4B-00C04F79EFBC}") = "Tester", "..\Tester\Tester.csproj", "{0F33137D-61C7-41A6-AF5A-E58920CBFFB5}"
EndProject
Global
	GlobalSection(SolutionConfigurationPlatforms) = preSolution
		Debug|Any CPU = Debug|Any CPU
		Release|Any CPU = Release|Any CPU
	EndGlobalSection
	GlobalSection(ProjectConfigurationPlatforms) = postSolution
		{F7A96D37-4BC8-4DDF-B346-A8C9BFC5409D}.Debug|Any CPU.ActiveCfg = Debug|Any CPU
		{F7A96D37-4BC8-4DDF-B346-A8C9BFC5409D}.Debug|Any CPU.Build.0 = Debug|Any CPU
		{F7A96D37-4BC8-4DDF-B346-A8C9BFC5409D}.Release|Any CPU.ActiveCfg = Release|Any CPU
		{F7A96D37-4BC8-4DDF-B346-A8C9BFC5409D}.Release|Any CPU.Build.0 = Release|Any CPU
		{0F33137D-61C7-41A6-AF5A-E58920CBFFB5}.Debug|Any CPU.ActiveCfg = Debug|Any CPU
		{0F33137D-61C7-41A6-AF5A-E58920CBFFB5}.Debug|Any CPU.Build.0 = Debug|Any CPU
		{0F33137D-61C7-41A6-AF5A-E58920CBFFB5}.Release|Any CPU.ActiveCfg = Release|Any CPU
		{0F33137D-61C7-41A6-AF5A-E58920CBFFB5}.Release|Any CPU.Build.0 = Release|Any CPU
	EndGlobalSection
	GlobalSection(SolutionProperties) = preSolution
		HideSolutionNode = FALSE
	EndGlobalSection
	GlobalSection(ExtensibilityGlobals) = postSolution
		SolutionGuid = {427DB7FE-B865-4F5D-BB7C-274E63CB7211}
	EndGlobalSection
EndGlobal
